
Microsoft Visual Studio Solution File, Format Version 12.00
# Visual Studio Version 17
VisualStudioVersion = 17.0.31903.59
MinimumVisualStudioVersion = 10.0.40219.1
Project("{FAE04EC0-301F-11D3-BF4B-00C04F79EFBC}") = "ApiGateway", "ApiGateway\ApiGateway.csproj", "{DCD5BE05-9BAA-4807-8CFA-0DA90DCB785F}"
EndProject
Project("{FAE04EC0-301F-11D3-BF4B-00C04F79EFBC}") = "SchedulerService", "SchedulerService\SchedulerService.csproj", "{DF524127-0688-4A4D-8B3C-81641053CEB8}"
EndProject
Project("{FAE04EC0-301F-11D3-BF4B-00C04F79EFBC}") = "GpuWorker", "GpuWorker\GpuWorker.csproj", "{DEF810AE-4E47-4907-BB56-296A4F37E3B9}"
EndProject
Project("{FAE04EC0-301F-11D3-BF4B-00C04F79EFBC}") = "Shared", "Shared\Shared.csproj", "{642EA450-1AAA-48A3-9905-3966C3A981AC}"
EndProject
Project("{FAE04EC0-301F-11D3-BF4B-00C04F79EFBC}") = "BatchPortal", "BatchPortal\BatchPortal.csproj", "{EF766CA4-10C6-41D1-B680-88AF7AFCB05F}"
EndProject
Project("{2150E333-8FDC-42A3-9474-1A3956D46DE8}") = "tests", "tests", "{5F80B5D6-53A6-4E60-9B5A-268F5A1C0E73}"
EndProject
Project("{FAE04EC0-301F-11D3-BF4B-00C04F79EFBC}") = "Shared.Tests", "tests\Shared.Tests\Shared.Tests.csproj", "{2A14A4B3-1D63-4B9F-A0A4-0EC66216C0DA}"
EndProject
Project("{FAE04EC0-301F-11D3-BF4B-00C04F79EFBC}") = "ApiGateway.UnitTests", "tests\ApiGateway.UnitTests\ApiGateway.UnitTests.csproj", "{CB83965B-4F3C-4AA1-A956-7A6E0794108F}"
EndProject
Project("{FAE04EC0-301F-11D3-BF4B-00C04F79EFBC}") = "SchedulerService.UnitTests", "tests\SchedulerService.UnitTests\SchedulerService.UnitTests.csproj", "{9C9D8D10-5CE7-4A63-89C2-6C6529539713}"
EndProject
Project("{FAE04EC0-301F-11D3-BF4B-00C04F79EFBC}") = "GpuWorker.UnitTests", "tests\GpuWorker.UnitTests\GpuWorker.UnitTests.csproj", "{8E278E41-68D5-46E1-A7D4-8844B918D2F6}"
EndProject
Project("{FAE04EC0-301F-11D3-BF4B-00C04F79EFBC}") = "BatchPortal.UnitTests", "tests\BatchPortal.UnitTests\BatchPortal.UnitTests.csproj", "{BA8B22D1-8F0F-4E2A-A0DE-08393DA85DDE}"
EndProject
Project("{FAE04EC0-301F-11D3-BF4B-00C04F79EFBC}") = "ApiGateway.FunctionalTests", "tests\ApiGateway.FunctionalTests\ApiGateway.FunctionalTests.csproj", "{AE441AFE-325E-4BA0-8E63-8E0B9154BF46}"
EndProject
Global
	GlobalSection(SolutionConfigurationPlatforms) = preSolution
		Debug|Any CPU = Debug|Any CPU
		Release|Any CPU = Release|Any CPU
	EndGlobalSection
	GlobalSection(SolutionProperties) = preSolution
		HideSolutionNode = FALSE
	EndGlobalSection
	GlobalSection(ProjectConfigurationPlatforms) = postSolution
		{DCD5BE05-9BAA-4807-8CFA-0DA90DCB785F}.Debug|Any CPU.ActiveCfg = Debug|Any CPU
		{DCD5BE05-9BAA-4807-8CFA-0DA90DCB785F}.Debug|Any CPU.Build.0 = Debug|Any CPU
		{DCD5BE05-9BAA-4807-8CFA-0DA90DCB785F}.Release|Any CPU.ActiveCfg = Release|Any CPU
		{DCD5BE05-9BAA-4807-8CFA-0DA90DCB785F}.Release|Any CPU.Build.0 = Release|Any CPU
		{DF524127-0688-4A4D-8B3C-81641053CEB8}.Debug|Any CPU.ActiveCfg = Debug|Any CPU
		{DF524127-0688-4A4D-8B3C-81641053CEB8}.Debug|Any CPU.Build.0 = Debug|Any CPU
		{DF524127-0688-4A4D-8B3C-81641053CEB8}.Release|Any CPU.ActiveCfg = Release|Any CPU
		{DF524127-0688-4A4D-8B3C-81641053CEB8}.Release|Any CPU.Build.0 = Release|Any CPU
		{DEF810AE-4E47-4907-BB56-296A4F37E3B9}.Debug|Any CPU.ActiveCfg = Debug|Any CPU
		{DEF810AE-4E47-4907-BB56-296A4F37E3B9}.Debug|Any CPU.Build.0 = Debug|Any CPU
		{DEF810AE-4E47-4907-BB56-296A4F37E3B9}.Release|Any CPU.ActiveCfg = Release|Any CPU
		{DEF810AE-4E47-4907-BB56-296A4F37E3B9}.Release|Any CPU.Build.0 = Release|Any CPU
		{642EA450-1AAA-48A3-9905-3966C3A981AC}.Debug|Any CPU.ActiveCfg = Debug|Any CPU
		{642EA450-1AAA-48A3-9905-3966C3A981AC}.Debug|Any CPU.Build.0 = Debug|Any CPU
		{642EA450-1AAA-48A3-9905-3966C3A981AC}.Release|Any CPU.ActiveCfg = Release|Any CPU
		{642EA450-1AAA-48A3-9905-3966C3A981AC}.Release|Any CPU.Build.0 = Release|Any CPU
		{EF766CA4-10C6-41D1-B680-88AF7AFCB05F}.Debug|Any CPU.ActiveCfg = Debug|Any CPU
		{EF766CA4-10C6-41D1-B680-88AF7AFCB05F}.Debug|Any CPU.Build.0 = Debug|Any CPU
		{EF766CA4-10C6-41D1-B680-88AF7AFCB05F}.Release|Any CPU.ActiveCfg = Release|Any CPU
		{EF766CA4-10C6-41D1-B680-88AF7AFCB05F}.Release|Any CPU.Build.0 = Release|Any CPU
		{2A14A4B3-1D63-4B9F-A0A4-0EC66216C0DA}.Debug|Any CPU.ActiveCfg = Debug|Any CPU
		{2A14A4B3-1D63-4B9F-A0A4-0EC66216C0DA}.Debug|Any CPU.Build.0 = Debug|Any CPU
		{2A14A4B3-1D63-4B9F-A0A4-0EC66216C0DA}.Release|Any CPU.ActiveCfg = Release|Any CPU
		{2A14A4B3-1D63-4B9F-A0A4-0EC66216C0DA}.Release|Any CPU.Build.0 = Release|Any CPU
		{CB83965B-4F3C-4AA1-A956-7A6E0794108F}.Debug|Any CPU.ActiveCfg = Debug|Any CPU
		{CB83965B-4F3C-4AA1-A956-7A6E0794108F}.Debug|Any CPU.Build.0 = Debug|Any CPU
		{CB83965B-4F3C-4AA1-A956-7A6E0794108F}.Release|Any CPU.ActiveCfg = Release|Any CPU
		{CB83965B-4F3C-4AA1-A956-7A6E0794108F}.Release|Any CPU.Build.0 = Release|Any CPU
		{9C9D8D10-5CE7-4A63-89C2-6C6529539713}.Debug|Any CPU.ActiveCfg = Debug|Any CPU
		{9C9D8D10-5CE7-4A63-89C2-6C6529539713}.Debug|Any CPU.Build.0 = Debug|Any CPU
		{9C9D8D10-5CE7-4A63-89C2-6C6529539713}.Release|Any CPU.ActiveCfg = Release|Any CPU
		{9C9D8D10-5CE7-4A63-89C2-6C6529539713}.Release|Any CPU.Build.0 = Release|Any CPU
		{8E278E41-68D5-46E1-A7D4-8844B918D2F6}.Debug|Any CPU.ActiveCfg = Debug|Any CPU
		{8E278E41-68D5-46E1-A7D4-8844B918D2F6}.Debug|Any CPU.Build.0 = Debug|Any CPU
		{8E278E41-68D5-46E1-A7D4-8844B918D2F6}.Release|Any CPU.ActiveCfg = Release|Any CPU
		{8E278E41-68D5-46E1-A7D4-8844B918D2F6}.Release|Any CPU.Build.0 = Release|Any CPU
		{BA8B22D1-8F0F-4E2A-A0DE-08393DA85DDE}.Debug|Any CPU.ActiveCfg = Debug|Any CPU
		{BA8B22D1-8F0F-4E2A-A0DE-08393DA85DDE}.Debug|Any CPU.Build.0 = Debug|Any CPU
		{BA8B22D1-8F0F-4E2A-A0DE-08393DA85DDE}.Release|Any CPU.ActiveCfg = Release|Any CPU
		{BA8B22D1-8F0F-4E2A-A0DE-08393DA85DDE}.Release|Any CPU.Build.0 = Release|Any CPU
		{AE441AFE-325E-4BA0-8E63-8E0B9154BF46}.Debug|Any CPU.ActiveCfg = Debug|Any CPU
		{AE441AFE-325E-4BA0-8E63-8E0B9154BF46}.Debug|Any CPU.Build.0 = Debug|Any CPU
		{AE441AFE-325E-4BA0-8E63-8E0B9154BF46}.Release|Any CPU.ActiveCfg = Release|Any CPU
		{AE441AFE-325E-4BA0-8E63-8E0B9154BF46}.Release|Any CPU.Build.0 = Release|Any CPU
	EndGlobalSection
	GlobalSection(NestedProjects) = preSolution
		{2A14A4B3-1D63-4B9F-A0A4-0EC66216C0DA} = {5F80B5D6-53A6-4E60-9B5A-268F5A1C0E73}
		{CB83965B-4F3C-4AA1-A956-7A6E0794108F} = {5F80B5D6-53A6-4E60-9B5A-268F5A1C0E73}
		{9C9D8D10-5CE7-4A63-89C2-6C6529539713} = {5F80B5D6-53A6-4E60-9B5A-268F5A1C0E73}
		{8E278E41-68D5-46E1-A7D4-8844B918D2F6} = {5F80B5D6-53A6-4E60-9B5A-268F5A1C0E73}
		{BA8B22D1-8F0F-4E2A-A0DE-08393DA85DDE} = {5F80B5D6-53A6-4E60-9B5A-268F5A1C0E73}
		{AE441AFE-325E-4BA0-8E63-8E0B9154BF46} = {5F80B5D6-53A6-4E60-9B5A-268F5A1C0E73}
	EndGlobalSection
EndGlobal
